
Microsoft Visual Studio Solution File, Format Version 12.00
# Visual Studio Version 17
VisualStudioVersion = 17.12.35707.178
MinimumVisualStudioVersion = 10.0.40219.1
Project("{8BC9CEB8-8B4A-11D0-8D11-00A0C91BC942}") = "WinAPI", "WinAPI\WinAPI.vcxproj", "{6B11A7ED-7EE5-431D-B4AD-6F2C9F11EB74}"
EndProject
Project("{8BC9CEB8-8B4A-11D0-8D11-00A0C91BC942}") = "ComboBox", "ComboBox\ComboBox.vcxproj", "{B941B612-7854-4D78-9E47-34E5CF799442}"
EndProject
Project("{8BC9CEB8-8B4A-11D0-8D11-00A0C91BC942}") = "ListBox", "ListBox\ListBox.vcxproj", "{1C5A14BE-749F-4534-96A6-F6C9459E9CFA}"
EndProject
Project("{8BC9CEB8-8B4A-11D0-8D11-00A0C91BC942}") = "ListBox_Lesson", "ListBox_Lesson\ListBox_Lesson.vcxproj", "{50A2961D-026D-4438-B962-E03CDB613A59}"
EndProject
Project("{8BC9CEB8-8B4A-11D0-8D11-00A0C91BC942}") = "MainWindow", "MainWindow\MainWindow.vcxproj", "{A359DD0E-6F67-4258-80B1-ABEBCA71210F}"
EndProject
Project("{8BC9CEB8-8B4A-11D0-8D11-00A0C91BC942}") = "Calc", "Calc\Calc.vcxproj", "{334CE68A-C8FE-4D1A-959F-A3E30288A274}"
EndProject
Global
	GlobalSection(SolutionConfigurationPlatforms) = preSolution
		Debug|x64 = Debug|x64
		Debug|x86 = Debug|x86
		Release|x64 = Release|x64
		Release|x86 = Release|x86
	EndGlobalSection
	GlobalSection(ProjectConfigurationPlatforms) = postSolution
		{6B11A7ED-7EE5-431D-B4AD-6F2C9F11EB74}.Debug|x64.ActiveCfg = Debug|x64
		{6B11A7ED-7EE5-431D-B4AD-6F2C9F11EB74}.Debug|x64.Build.0 = Debug|x64
		{6B11A7ED-7EE5-431D-B4AD-6F2C9F11EB74}.Debug|x86.ActiveCfg = Debug|Win32
		{6B11A7ED-7EE5-431D-B4AD-6F2C9F11EB74}.Debug|x86.Build.0 = Debug|Win32
		{6B11A7ED-7EE5-431D-B4AD-6F2C9F11EB74}.Release|x64.ActiveCfg = Release|x64
		{6B11A7ED-7EE5-431D-B4AD-6F2C9F11EB74}.Release|x64.Build.0 = Release|x64
		{6B11A7ED-7EE5-431D-B4AD-6F2C9F11EB74}.Release|x86.ActiveCfg = Release|Win32
		{6B11A7ED-7EE5-431D-B4AD-6F2C9F11EB74}.Release|x86.Build.0 = Release|Win32
		{B941B612-7854-4D78-9E47-34E5CF799442}.Debug|x64.ActiveCfg = Debug|x64
		{B941B612-7854-4D78-9E47-34E5CF799442}.Debug|x64.Build.0 = Debug|x64
		{B941B612-7854-4D78-9E47-34E5CF799442}.Debug|x86.ActiveCfg = Debug|Win32
		{B941B612-7854-4D78-9E47-34E5CF799442}.Debug|x86.Build.0 = Debug|Win32
		{B941B612-7854-4D78-9E47-34E5CF799442}.Release|x64.ActiveCfg = Release|x64
		{B941B612-7854-4D78-9E47-34E5CF799442}.Release|x64.Build.0 = Release|x64
		{B941B612-7854-4D78-9E47-34E5CF799442}.Release|x86.ActiveCfg = Release|Win32
		{B941B612-7854-4D78-9E47-34E5CF799442}.Release|x86.Build.0 = Release|Win32
		{1C5A14BE-749F-4534-96A6-F6C9459E9CFA}.Debug|x64.ActiveCfg = Debug|x64
		{1C5A14BE-749F-4534-96A6-F6C9459E9CFA}.Debug|x64.Build.0 = Debug|x64
		{1C5A14BE-749F-4534-96A6-F6C9459E9CFA}.Debug|x86.ActiveCfg = Debug|Win32
		{1C5A14BE-749F-4534-96A6-F6C9459E9CFA}.Debug|x86.Build.0 = Debug|Win32
		{1C5A14BE-749F-4534-96A6-F6C9459E9CFA}.Release|x64.ActiveCfg = Release|x64
		{1C5A14BE-749F-4534-96A6-F6C9459E9CFA}.Release|x64.Build.0 = Release|x64
		{1C5A14BE-749F-4534-96A6-F6C9459E9CFA}.Release|x86.ActiveCfg = Release|Win32
		{1C5A14BE-749F-4534-96A6-F6C9459E9CFA}.Release|x86.Build.0 = Release|Win32
		{50A2961D-026D-4438-B962-E03CDB613A59}.Debug|x64.ActiveCfg = Debug|x64
		{50A2961D-026D-4438-B962-E03CDB613A59}.Debug|x64.Build.0 = Debug|x64
		{50A2961D-026D-4438-B962-E03CDB613A59}.Debug|x86.ActiveCfg = Debug|Win32
		{50A2961D-026D-4438-B962-E03CDB613A59}.Debug|x86.Build.0 = Debug|Win32
		{50A2961D-026D-4438-B962-E03CDB613A59}.Release|x64.ActiveCfg = Release|x64
		{50A2961D-026D-4438-B962-E03CDB613A59}.Release|x64.Build.0 = Release|x64
		{50A2961D-026D-4438-B962-E03CDB613A59}.Release|x86.ActiveCfg = Release|Win32
		{50A2961D-026D-4438-B962-E03CDB613A59}.Release|x86.Build.0 = Release|Win32
		{A359DD0E-6F67-4258-80B1-ABEBCA71210F}.Debug|x64.ActiveCfg = Debug|x64
		{A359DD0E-6F67-4258-80B1-ABEBCA71210F}.Debug|x64.Build.0 = Debug|x64
		{A359DD0E-6F67-4258-80B1-ABEBCA71210F}.Debug|x86.ActiveCfg = Debug|Win32
		{A359DD0E-6F67-4258-80B1-ABEBCA71210F}.Debug|x86.Build.0 = Debug|Win32
		{A359DD0E-6F67-4258-80B1-ABEBCA71210F}.Release|x64.ActiveCfg = Release|x64
		{A359DD0E-6F67-4258-80B1-ABEBCA71210F}.Release|x64.Build.0 = Release|x64
		{A359DD0E-6F67-4258-80B1-ABEBCA71210F}.Release|x86.ActiveCfg = Release|Win32
		{A359DD0E-6F67-4258-80B1-ABEBCA71210F}.Release|x86.Build.0 = Release|Win32
		{334CE68A-C8FE-4D1A-959F-A3E30288A274}.Debug|x64.ActiveCfg = Debug|x64
		{334CE68A-C8FE-4D1A-959F-A3E30288A274}.Debug|x64.Build.0 = Debug|x64
		{334CE68A-C8FE-4D1A-959F-A3E30288A274}.Debug|x86.ActiveCfg = Debug|Win32
		{334CE68A-C8FE-4D1A-959F-A3E30288A274}.Debug|x86.Build.0 = Debug|Win32
		{334CE68A-C8FE-4D1A-959F-A3E30288A274}.Release|x64.ActiveCfg = Release|x64
		{334CE68A-C8FE-4D1A-959F-A3E30288A274}.Release|x64.Build.0 = Release|x64
		{334CE68A-C8FE-4D1A-959F-A3E30288A274}.Release|x86.ActiveCfg = Release|Win32
		{334CE68A-C8FE-4D1A-959F-A3E30288A274}.Release|x86.Build.0 = Release|Win32
	EndGlobalSection
	GlobalSection(SolutionProperties) = preSolution
		HideSolutionNode = FALSE
	EndGlobalSection
EndGlobal
